
Microsoft Visual Studio Solution File, Format Version 12.00
# Visual Studio Version 17
VisualStudioVersion = 17.12.35707.178
MinimumVisualStudioVersion = 10.0.40219.1
Project("{FAE04EC0-301F-11D3-BF4B-00C04F79EFBC}") = "CxStudio", "CxStudio\CxStudio.csproj", "{83EDFD0C-1ED2-43FB-BE1E-EC77A3973608}"
EndProject
Project("{FAE04EC0-301F-11D3-BF4B-00C04F79EFBC}") = "CxStudioTests", "CxStudioTests\CxStudioTests.csproj", "{E337A9E7-2FA5-446F-9273-7B2C5CC39C9C}"
EndProject
Project("{FAE04EC0-301F-11D3-BF4B-00C04F79EFBC}") = "MediaKiller", "MediaKiller\MediaKiller.csproj", "{AA6049B5-3E04-4D8D-AEA7-08BEFE0DD9E1}"
EndProject
Global
	GlobalSection(SolutionConfigurationPlatforms) = preSolution
		Debug|Any CPU = Debug|Any CPU
		Release|Any CPU = Release|Any CPU
	EndGlobalSection
	GlobalSection(ProjectConfigurationPlatforms) = postSolution
		{83EDFD0C-1ED2-43FB-BE1E-EC77A3973608}.Debug|Any CPU.ActiveCfg = Debug|Any CPU
		{83EDFD0C-1ED2-43FB-BE1E-EC77A3973608}.Debug|Any CPU.Build.0 = Debug|Any CPU
		{83EDFD0C-1ED2-43FB-BE1E-EC77A3973608}.Release|Any CPU.ActiveCfg = Release|Any CPU
		{83EDFD0C-1ED2-43FB-BE1E-EC77A3973608}.Release|Any CPU.Build.0 = Release|Any CPU
		{E337A9E7-2FA5-446F-9273-7B2C5CC39C9C}.Debug|Any CPU.ActiveCfg = Debug|Any CPU
		{E337A9E7-2FA5-446F-9273-7B2C5CC39C9C}.Debug|Any CPU.Build.0 = Debug|Any CPU
		{E337A9E7-2FA5-446F-9273-7B2C5CC39C9C}.Release|Any CPU.ActiveCfg = Release|Any CPU
		{E337A9E7-2FA5-446F-9273-7B2C5CC39C9C}.Release|Any CPU.Build.0 = Release|Any CPU
		{AA6049B5-3E04-4D8D-AEA7-08BEFE0DD9E1}.Debug|Any CPU.ActiveCfg = Debug|Any CPU
		{AA6049B5-3E04-4D8D-AEA7-08BEFE0DD9E1}.Debug|Any CPU.Build.0 = Debug|Any CPU
		{AA6049B5-3E04-4D8D-AEA7-08BEFE0DD9E1}.Release|Any CPU.ActiveCfg = Release|Any CPU
		{AA6049B5-3E04-4D8D-AEA7-08BEFE0DD9E1}.Release|Any CPU.Build.0 = Release|Any CPU
	EndGlobalSection
	GlobalSection(SolutionProperties) = preSolution
		HideSolutionNode = FALSE
	EndGlobalSection
	GlobalSection(ExtensibilityGlobals) = postSolution
		SolutionGuid = {A6F25211-EA77-4A10-81E9-54863C9A9C72}
	EndGlobalSection
EndGlobal
